// !$*UTF8*$!
{
	archiveVersion = 1;
	classes = {
	};
	objectVersion = 77;
	objects = {

/* Begin PBXBuildFile section */
		D60567A02F7FE00100AEC8B0 /* common.metal in Sources */ = {isa = PBXBuildFile; fileRef = D60567A12F7FE00100AEC8B0 /* common.metal */; };
		D6145EF32F7CDE7E00D54F75 /* main.cpp in Sources */ = {isa = PBXBuildFile; fileRef = D6145EF02F7CDE7E00D54F75 /* main.cpp */; };
		D6145EF52F7CDE7E00D54F75 /* Shaders.metal in Sources */ = {isa = PBXBuildFile; fileRef = D6145EF22F7CDE7E00D54F75 /* Shaders.metal */; };
		D6C142602F821CCF003BEB17 /* common.h in Sources */ = {isa = PBXBuildFile; fileRef = D60567A22F7FE00200AEC8B0 /* common.h */; };
		D6C142612F821CCF003BEB17 /* types.h in Sources */ = {isa = PBXBuildFile; fileRef = D60567A32F7FE00300AEC8B0 /* types.h */; };
		D6E396A52F7CEACC007F637C /* MetalImpl.cpp in Sources */ = {isa = PBXBuildFile; fileRef = D6E396A42F7CE908007F637C /* MetalImpl.cpp */; };
/* End PBXBuildFile section */

/* Begin PBXCopyFilesBuildPhase section */
		D6145ECA2F7CDE7E00D54F75 /* CopyFiles */ = {
			isa = PBXCopyFilesBuildPhase;
			buildActionMask = 2147483647;
			dstPath = /usr/share/man/man1/;
			dstSubfolderSpec = 0;
			files = (
			);
			runOnlyForDeploymentPostprocessing = 1;
		};
/* End PBXCopyFilesBuildPhase section */

/* Begin PBXFileReference section */
		D60567A12F7FE00100AEC8B0 /* common.metal */ = {isa = PBXFileReference; lastKnownFileType = sourcecode.metal; path = common.metal; sourceTree = "<group>"; };
		D60567A22F7FE00200AEC8B0 /* common.h */ = {isa = PBXFileReference; lastKnownFileType = sourcecode.c.h; path = common.h; sourceTree = "<group>"; };
		D60567A32F7FE00300AEC8B0 /* types.h */ = {isa = PBXFileReference; lastKnownFileType = sourcecode.c.h; path = types.h; sourceTree = "<group>"; };
		D6145ECC2F7CDE7E00D54F75 /* SuperKittens */ = {isa = PBXFileReference; explicitFileType = "compiled.mach-o.executable"; includeInIndex = 0; path = SuperKittens; sourceTree = BUILT_PRODUCTS_DIR; };
		D6145EF02F7CDE7E00D54F75 /* main.cpp */ = {isa = PBXFileReference; lastKnownFileType = sourcecode.cpp.cpp; path = main.cpp; sourceTree = "<group>"; };
		D6145EF22F7CDE7E00D54F75 /* Shaders.metal */ = {isa = PBXFileReference; lastKnownFileType = sourcecode.metal; path = Shaders.metal; sourceTree = "<group>"; };
		D6E396A42F7CE908007F637C /* MetalImpl.cpp */ = {isa = PBXFileReference; lastKnownFileType = sourcecode.cpp.cpp; path = MetalImpl.cpp; sourceTree = "<group>"; };
		D6E396A92F7D5A19007F637C /* README.md */ = {isa = PBXFileReference; lastKnownFileType = net.daringfireball.markdown; path = README.md; sourceTree = "<group>"; };
		D6E396C02F7D718D007F637C /* meow.h */ = {isa = PBXFileReference; lastKnownFileType = sourcecode.c.h; path = meow.h; sourceTree = "<group>"; };
/* End PBXFileReference section */

/* Begin PBXFileSystemSynchronizedGroupBuildPhaseMembershipExceptionSet section */
		D6C1425D2F821CBE003BEB17 /* Exceptions for "ops" folder in "Compile Sources" phase from "SuperKittens" target */ = {
			isa = PBXFileSystemSynchronizedGroupBuildPhaseMembershipExceptionSet;
			buildPhase = D6145EC82F7CDE7E00D54F75 /* Sources */;
			membershipExceptions = (
				global.h,
				math.h,
				memory.h,
				mma.h,
			);
		};
		D6E396B72F7D6469007F637C /* Exceptions for "attn" folder in "Compile Sources" phase from "SuperKittens" target */ = {
			isa = PBXFileSystemSynchronizedGroupBuildPhaseMembershipExceptionSet;
			buildPhase = D6145EC82F7CDE7E00D54F75 /* Sources */;
			membershipExceptions = (
				attn_utils.h,
				ops.h,
				params.h,
				types.h,
			);
		};
/* End PBXFileSystemSynchronizedGroupBuildPhaseMembershipExceptionSet section */

/* Begin PBXFileSystemSynchronizedRootGroup section */
		AA0000010000000000000001 /* traces */ = {
			isa = PBXFileSystemSynchronizedRootGroup;
			path = traces;
			sourceTree = "<group>";
		};
		AA0000020000000000000001 /* ops */ = {
			isa = PBXFileSystemSynchronizedRootGroup;
			exceptions = (
				D6C1425D2F821CBE003BEB17 /* Exceptions for "ops" folder in "Compile Sources" phase from "SuperKittens" target */,
			);
			path = ops;
			sourceTree = "<group>";
		};
		D60567A42F7FE00400AEC8B0 /* baseline */ = {
			isa = PBXFileSystemSynchronizedRootGroup;
			path = baseline;
			sourceTree = "<group>";
		};
		D60567A52F7FE00500AEC8B0 /* fp16 */ = {
			isa = PBXFileSystemSynchronizedRootGroup;
			path = fp16;
			sourceTree = "<group>";
		};
		D60567A62F7FE00600AEC8B0 /* M4 */ = {
			isa = PBXFileSystemSynchronizedRootGroup;
			path = M4;
			sourceTree = "<group>";
		};
		D60567A72F7FE00700AEC8B0 /* use */ = {
			isa = PBXFileSystemSynchronizedRootGroup;
			path = use;
			sourceTree = "<group>";
		};
		D60567A82F7FE00800AEC8B0 /* docs */ = {
			isa = PBXFileSystemSynchronizedRootGroup;
			path = docs;
			sourceTree = "<group>";
		};
		D60567A92F7FE00900AEC8B0 /* records */ = {
			isa = PBXFileSystemSynchronizedRootGroup;
			path = records;
			sourceTree = "<group>";
		};
		D6C1420D2F81E84A003BEB17 /* plots */ = {
			isa = PBXFileSystemSynchronizedRootGroup;
			path = plots;
			sourceTree = "<group>";
		};
		D6D9C7FF2F80C7C300CE87B3 /* common */ = {
			isa = PBXFileSystemSynchronizedRootGroup;
			path = common;
			sourceTree = "<group>";
		};
		D6D9C8002F80C8A600CE87B3 /* ffn */ = {
			isa = PBXFileSystemSynchronizedRootGroup;
			path = ffn;
			sourceTree = "<group>";
		};
		D6E396AF2F7D641D007F637C /* attn */ = {
			isa = PBXFileSystemSynchronizedRootGroup;
			exceptions = (
				D6E396B72F7D6469007F637C /* Exceptions for "attn" folder in "Compile Sources" phase from "SuperKittens" target */,
			);
			path = attn;
			sourceTree = "<group>";
		};
/* End PBXFileSystemSynchronizedRootGroup section */

/* Begin PBXFrameworksBuildPhase section */
		D6145EC92F7CDE7E00D54F75 /* Frameworks */ = {
			isa = PBXFrameworksBuildPhase;
			buildActionMask = 2147483647;
			files = (
			);
			runOnlyForDeploymentPostprocessing = 0;
		};
/* End PBXFrameworksBuildPhase section */

/* Begin PBXGroup section */
		D60567AA2F7FE00A00AEC8B0 /* fp16 */ = {
			isa = PBXGroup;
			children = (
				D60567A32F7FE00300AEC8B0 /* types.h */,
				D60567A52F7FE00500AEC8B0 /* fp16 */,
				D60567A92F7FE00900AEC8B0 /* records */,
			);
			path = fp16;
			sourceTree = "<group>";
		};
		D6145EC32F7CDE7E00D54F75 = {
			isa = PBXGroup;
			children = (
				D6E396A92F7D5A19007F637C /* README.md */,
				D6145EEF2F7CDE7E00D54F75 /* SuperKittens */,
				AA0000010000000000000001 /* traces */,
				D6145ECD2F7CDE7E00D54F75 /* Products */,
				D614608C2F7CE28600D54F75 /* metal-cpp */,
			);
			sourceTree = "<group>";
		};
		D6145ECD2F7CDE7E00D54F75 /* Products */ = {
			isa = PBXGroup;
			children = (
				D6145ECC2F7CDE7E00D54F75 /* SuperKittens */,
			);
			name = Products;
			sourceTree = "<group>";
		};
		D6145EEF2F7CDE7E00D54F75 /* SuperKittens */ = {
			isa = PBXGroup;
			children = (
				AA0000020000000000000001 /* ops */,
				D60567A82F7FE00800AEC8B0 /* docs */,
				D6E396C02F7D718D007F637C /* meow.h */,
				D6E396A62F7D58B4007F637C /* kernels */,
				D6E396A42F7CE908007F637C /* MetalImpl.cpp */,
				D6145EF02F7CDE7E00D54F75 /* main.cpp */,
				D6145EF22F7CDE7E00D54F75 /* Shaders.metal */,
				D6C1420D2F81E84A003BEB17 /* plots */,
			);
			path = SuperKittens;
			sourceTree = "<group>";
		};
		D614608C2F7CE28600D54F75 /* metal-cpp */ = {
			isa = PBXGroup;
			children = (
			);
			path = "metal-cpp";
			sourceTree = "<group>";
		};
		D6E396A62F7D58B4007F637C /* kernels */ = {
			isa = PBXGroup;
			children = (
				D6D9C8002F80C8A600CE87B3 /* ffn */,
				D6D9C7FF2F80C7C300CE87B3 /* common */,
				D6E396AF2F7D641D007F637C /* attn */,
				D6E396A72F7D5902007F637C /* gemm */,
			);
			path = kernels;
			sourceTree = "<group>";
		};
		D6E396A72F7D5902007F637C /* gemm */ = {
			isa = PBXGroup;
			children = (
				D60567A22F7FE00200AEC8B0 /* common.h */,
				D60567A12F7FE00100AEC8B0 /* common.metal */,
				D60567A42F7FE00400AEC8B0 /* baseline */,
				D60567AA2F7FE00A00AEC8B0 /* fp16 */,
				D60567A62F7FE00600AEC8B0 /* M4 */,
				D60567A72F7FE00700AEC8B0 /* use */,
			);
			path = gemm;
			sourceTree = "<group>";
		};
/* End PBXGroup section */

/* Begin PBXNativeTarget section */
		D6145ECB2F7CDE7E00D54F75 /* SuperKittens */ = {
			isa = PBXNativeTarget;
			buildConfigurationList = D6145ED32F7CDE7E00D54F75 /* Build configuration list for PBXNativeTarget "SuperKittens" */;
			buildPhases = (
				D6145EC82F7CDE7E00D54F75 /* Sources */,
				D6145EC92F7CDE7E00D54F75 /* Frameworks */,
				D6145ECA2F7CDE7E00D54F75 /* CopyFiles */,
			);
			buildRules = (
			);
			dependencies = (
			);
			fileSystemSynchronizedGroups = (
				D60567A42F7FE00400AEC8B0 /* baseline */,
				D60567A52F7FE00500AEC8B0 /* fp16 */,
				D60567A62F7FE00600AEC8B0 /* M4 */,
				D60567A72F7FE00700AEC8B0 /* use */,
				D60567A82F7FE00800AEC8B0 /* docs */,
				D60567A92F7FE00900AEC8B0 /* records */,
				D6C1420D2F81E84A003BEB17 /* plots */,
				D6D9C7FF2F80C7C300CE87B3 /* common */,
				D6D9C8002F80C8A600CE87B3 /* ffn */,
				D6E396AF2F7D641D007F637C /* attn */,
			);
			name = SuperKittens;
			packageProductDependencies = (
			);
			productName = SuperKittens;
			productReference = D6145ECC2F7CDE7E00D54F75 /* SuperKittens */;
			productType = "com.apple.product-type.tool";
		};
/* End PBXNativeTarget section */

/* Begin PBXProject section */
		D6145EC42F7CDE7E00D54F75 /* Project object */ = {
			isa = PBXProject;
			attributes = {
				BuildIndependentTargetsInParallel = 1;
				LastUpgradeCheck = 2600;
				TargetAttributes = {
					D6145ECB2F7CDE7E00D54F75 = {
						CreatedOnToolsVersion = 26.0;
						LastSwiftMigration = 2600;
					};
				};
			};
			buildConfigurationList = D6145EC72F7CDE7E00D54F75 /* Build configuration list for PBXProject "SuperKittens" */;
			developmentRegion = en;
			hasScannedForEncodings = 0;
			knownRegions = (
				en,
				Base,
			);
			mainGroup = D6145EC32F7CDE7E00D54F75;
			minimizedProjectReferenceProxies = 1;
			preferredProjectObjectVersion = 77;
			productRefGroup = D6145ECD2F7CDE7E00D54F75 /* Products */;
			projectDirPath = "";
			projectRoot = "";
			targets = (
				D6145ECB2F7CDE7E00D54F75 /* SuperKittens */,
			);
		};
/* End PBXProject section */

/* Begin PBXSourcesBuildPhase section */
		D6145EC82F7CDE7E00D54F75 /* Sources */ = {
			isa = PBXSourcesBuildPhase;
			buildActionMask = 2147483647;
			files = (
				D6C142602F821CCF003BEB17 /* common.h in Sources */,
				D6C142612F821CCF003BEB17 /* types.h in Sources */,
				D6145EF32F7CDE7E00D54F75 /* main.cpp in Sources */,
				D6E396A52F7CEACC007F637C /* MetalImpl.cpp in Sources */,
				D6145EF52F7CDE7E00D54F75 /* Shaders.metal in Sources */,
				D60567A02F7FE00100AEC8B0 /* common.metal in Sources */,
			);
			runOnlyForDeploymentPostprocessing = 0;
		};
/* End PBXSourcesBuildPhase section */

/* Begin XCBuildConfiguration section */
		D6145ED12F7CDE7E00D54F75 /* Debug */ = {
			isa = XCBuildConfiguration;
			buildSettings = {
				ALWAYS_SEARCH_USER_PATHS = NO;
				ASSETCATALOG_COMPILER_GENERATE_SWIFT_ASSET_SYMBOL_EXTENSIONS = YES;
				CLANG_ANALYZER_NONNULL = YES;
				CLANG_ANALYZER_NUMBER_OBJECT_CONVERSION = YES_AGGRESSIVE;
				CLANG_CXX_LANGUAGE_STANDARD = "gnu++20";
				CLANG_ENABLE_MODULES = YES;
				CLANG_ENABLE_OBJC_ARC = YES;
				CLANG_ENABLE_OBJC_WEAK = YES;
				CLANG_WARN_BLOCK_CAPTURE_AUTORELEASING = YES;
				CLANG_WARN_BOOL_CONVERSION = YES;
				CLANG_WARN_COMMA = YES;
				CLANG_WARN_CONSTANT_CONVERSION = YES;
				CLANG_WARN_DEPRECATED_OBJC_IMPLEMENTATIONS = YES;
				CLANG_WARN_DIRECT_OBJC_ISA_USAGE = YES_ERROR;
				CLANG_WARN_DOCUMENTATION_COMMENTS = YES;
				CLANG_WARN_EMPTY_BODY = YES;
				CLANG_WARN_ENUM_CONVERSION = YES;
				CLANG_WARN_INFINITE_RECURSION = YES;
				CLANG_WARN_INT_CONVERSION = YES;
				CLANG_WARN_NON_LITERAL_NULL_CONVERSION = YES;
				CLANG_WARN_OBJC_IMPLICIT_RETAIN_SELF = YES;
				CLANG_WARN_OBJC_LITERAL_CONVERSION = YES;
				CLANG_WARN_OBJC_ROOT_CLASS = YES_ERROR;
				CLANG_WARN_QUOTED_INCLUDE_IN_FRAMEWORK_HEADER = YES;
				CLANG_WARN_RANGE_LOOP_ANALYSIS = YES;
				CLANG_WARN_STRICT_PROTOTYPES = YES;
				CLANG_WARN_SUSPICIOUS_MOVE = YES;
				CLANG_WARN_UNGUARDED_AVAILABILITY = YES_AGGRESSIVE;
				CLANG_WARN_UNREACHABLE_CODE = YES;
				CLANG_WARN__DUPLICATE_METHOD_MATCH = YES;
				COPY_PHASE_STRIP = NO;
				DEBUG_INFORMATION_FORMAT = dwarf;
				ENABLE_STRICT_OBJC_MSGSEND = YES;
				ENABLE_TESTABILITY = YES;
				ENABLE_USER_SCRIPT_SANDBOXING = YES;
				GCC_C_LANGUAGE_STANDARD = gnu17;
				GCC_DYNAMIC_NO_PIC = NO;
				GCC_NO_COMMON_BLOCKS = YES;
				GCC_OPTIMIZATION_LEVEL = 0;
				GCC_PREPROCESSOR_DEFINITIONS = (
					"DEBUG=1",
					"$(inherited)",
				);
				GCC_WARN_64_TO_32_BIT_CONVERSION = YES;
				GCC_WARN_ABOUT_RETURN_TYPE = YES_ERROR;
				GCC_WARN_UNDECLARED_SELECTOR = YES;
				GCC_WARN_UNINITIALIZED_AUTOS = YES_AGGRESSIVE;
				GCC_WARN_UNUSED_FUNCTION = YES;
				GCC_WARN_UNUSED_VARIABLE = YES;
				LOCALIZATION_PREFERS_STRING_CATALOGS = YES;
				MACOSX_DEPLOYMENT_TARGET = 26.0;
				MTL_ENABLE_DEBUG_INFO = INCLUDE_SOURCE;
				MTL_FAST_MATH = YES;
				ONLY_ACTIVE_ARCH = YES;
				SDKROOT = macosx;
			};
			name = Debug;
		};
		D6145ED22F7CDE7E00D54F75 /* Release */ = {
			isa = XCBuildConfiguration;
			buildSettings = {
				ALWAYS_SEARCH_USER_PATHS = NO;
				ASSETCATALOG_COMPILER_GENERATE_SWIFT_ASSET_SYMBOL_EXTENSIONS = YES;
				CLANG_ANALYZER_NONNULL = YES;
				CLANG_ANALYZER_NUMBER_OBJECT_CONVERSION = YES_AGGRESSIVE;
				CLANG_CXX_LANGUAGE_STANDARD = "gnu++20";
				CLANG_ENABLE_MODULES = YES;
				CLANG_ENABLE_OBJC_ARC = YES;
				CLANG_ENABLE_OBJC_WEAK = YES;
				CLANG_WARN_BLOCK_CAPTURE_AUTORELEASING = YES;
				CLANG_WARN_BOOL_CONVERSION = YES;
				CLANG_WARN_COMMA = YES;
				CLANG_WARN_CONSTANT_CONVERSION = YES;
				CLANG_WARN_DEPRECATED_OBJC_IMPLEMENTATIONS = YES;
				CLANG_WARN_DIRECT_OBJC_ISA_USAGE = YES_ERROR;
				CLANG_WARN_DOCUMENTATION_COMMENTS = YES;
				CLANG_WARN_EMPTY_BODY = YES;
				CLANG_WARN_ENUM_CONVERSION = YES;
				CLANG_WARN_INFINITE_RECURSION = YES;
				CLANG_WARN_INT_CONVERSION = YES;
				CLANG_WARN_NON_LITERAL_NULL_CONVERSION = YES;
				CLANG_WARN_OBJC_IMPLICIT_RETAIN_SELF = YES;
				CLANG_WARN_OBJC_LITERAL_CONVERSION = YES;
				CLANG_WARN_OBJC_ROOT_CLASS = YES_ERROR;
				CLANG_WARN_QUOTED_INCLUDE_IN_FRAMEWORK_HEADER = YES;
				CLANG_WARN_RANGE_LOOP_ANALYSIS = YES;
				CLANG_WARN_STRICT_PROTOTYPES = YES;
				CLANG_WARN_SUSPICIOUS_MOVE = YES;
				CLANG_WARN_UNGUARDED_AVAILABILITY = YES_AGGRESSIVE;
				CLANG_WARN_UNREACHABLE_CODE = YES;
				CLANG_WARN__DUPLICATE_METHOD_MATCH = YES;
				COPY_PHASE_STRIP = NO;
				DEBUG_INFORMATION_FORMAT = "dwarf-with-dsym";
				ENABLE_NS_ASSERTIONS = NO;
				ENABLE_STRICT_OBJC_MSGSEND = YES;
				ENABLE_USER_SCRIPT_SANDBOXING = YES;
				GCC_C_LANGUAGE_STANDARD = gnu17;
				GCC_NO_COMMON_BLOCKS = YES;
				GCC_WARN_64_TO_32_BIT_CONVERSION = YES;
				GCC_WARN_ABOUT_RETURN_TYPE = YES_ERROR;
				GCC_WARN_UNDECLARED_SELECTOR = YES;
				GCC_WARN_UNINITIALIZED_AUTOS = YES_AGGRESSIVE;
				GCC_WARN_UNUSED_FUNCTION = YES;
				GCC_WARN_UNUSED_VARIABLE = YES;
				LOCALIZATION_PREFERS_STRING_CATALOGS = YES;
				MACOSX_DEPLOYMENT_TARGET = 26.0;
				MTL_ENABLE_DEBUG_INFO = NO;
				MTL_FAST_MATH = YES;
				SDKROOT = macosx;
			};
			name = Release;
		};
		D6145ED42F7CDE7E00D54F75 /* Debug */ = {
			isa = XCBuildConfiguration;
			buildSettings = {
				CLANG_ENABLE_MODULES = YES;
				CODE_SIGN_STYLE = Automatic;
				HEADER_SEARCH_PATHS = "$(PROJECT_DIR)/metal-cpp";
				OTHER_LDFLAGS = (
					"-framework",
					Metal,
					"-framework",
					Foundation,
					"-framework",
					QuartzCore,
				);
				PRODUCT_NAME = "$(TARGET_NAME)";
				SWIFT_OPTIMIZATION_LEVEL = "-Onone";
				SWIFT_VERSION = 6.0;
			};
			name = Debug;
		};
		D6145ED52F7CDE7E00D54F75 /* Release */ = {
			isa = XCBuildConfiguration;
			buildSettings = {
				CLANG_ENABLE_MODULES = YES;
				CODE_SIGN_STYLE = Automatic;
				HEADER_SEARCH_PATHS = "$(PROJECT_DIR)/metal-cpp";
				OTHER_LDFLAGS = (
					"-framework",
					Metal,
					"-framework",
					Foundation,
					"-framework",
					QuartzCore,
				);
				PRODUCT_NAME = "$(TARGET_NAME)";
				SWIFT_VERSION = 6.0;
			};
			name = Release;
		};
/* End XCBuildConfiguration section */

/* Begin XCConfigurationList section */
		D6145EC72F7CDE7E00D54F75 /* Build configuration list for PBXProject "SuperKittens" */ = {
			isa = XCConfigurationList;
			buildConfigurations = (
				D6145ED12F7CDE7E00D54F75 /* Debug */,
				D6145ED22F7CDE7E00D54F75 /* Release */,
			);
			defaultConfigurationIsVisible = 0;
			defaultConfigurationName = Release;
		};
		D6145ED32F7CDE7E00D54F75 /* Build configuration list for PBXNativeTarget "SuperKittens" */ = {
			isa = XCConfigurationList;
			buildConfigurations = (
				D6145ED42F7CDE7E00D54F75 /* Debug */,
				D6145ED52F7CDE7E00D54F75 /* Release */,
			);
			defaultConfigurationIsVisible = 0;
			defaultConfigurationName = Release;
		};
/* End XCConfigurationList section */
	};
	rootObject = D6145EC42F7CDE7E00D54F75 /* Project object */;
}
