// !$*UTF8*$!
{
	archiveVersion = 1;
	classes = {
	};
	objectVersion = 77;
	objects = {

/* Begin PBXCopyFilesBuildPhase section */
		D6145ECA2F7CDE7E00D54F75 /* CopyFiles */ = {
			isa = PBXCopyFilesBuildPhase;
			buildActionMask = 2147483647;
			dstPath = /usr/share/man/man1/;
			dstSubfolderSpec = 0;
			files = (
			);
			runOnlyForDeploymentPostprocessing = 1;
		};
/* End PBXCopyFilesBuildPhase section */

/* Begin PBXFileReference section */
		D6145ECC2F7CDE7E00D54F75 /* SuperKittens */ = {isa = PBXFileReference; explicitFileType = "compiled.mach-o.executable"; includeInIndex = 0; path = SuperKittens; sourceTree = BUILT_PRODUCTS_DIR; };
		D6145ED62F7CDE7E00D54F75 /* README.md */ = {isa = PBXFileReference; lastKnownFileType = net.daringfireball.markdown; path = README.md; sourceTree = "<group>"; };
		D6145ED72F7CDE7E00D54F75 /* CLAUDE.md */ = {isa = PBXFileReference; lastKnownFileType = net.daringfireball.markdown; path = CLAUDE.md; sourceTree = "<group>"; };
		D6145ED82F7CDE7E00D54F75 /* roadmap.md */ = {isa = PBXFileReference; lastKnownFileType = net.daringfireball.markdown; path = roadmap.md; sourceTree = "<group>"; };
		D6145ED92F7CDE7E00D54F75 /* project.yml */ = {isa = PBXFileReference; lastKnownFileType = text.yaml; path = project.yml; sourceTree = "<group>"; };
		D6145EDA2F7CDE7E00D54F75 /* pyproject.toml */ = {isa = PBXFileReference; lastKnownFileType = text; path = pyproject.toml; sourceTree = "<group>"; };
		D6145EDB2F7CDE7E00D54F75 /* uv.lock */ = {isa = PBXFileReference; lastKnownFileType = text; path = uv.lock; sourceTree = "<group>"; };
		D6145EDC2F7CDE7E00D54F75 /* .gitignore */ = {isa = PBXFileReference; lastKnownFileType = text; path = .gitignore; sourceTree = "<group>"; };
		D6145EDD2F7CDE7E00D54F75 /* meow.png */ = {isa = PBXFileReference; lastKnownFileType = image.png; path = meow.png; sourceTree = "<group>"; };
		D6145EDF2F7CDE7E00D54F75 /* bench */ = {isa = PBXFileReference; lastKnownFileType = folder; path = bench; sourceTree = "<group>"; };
		D6145EE02F7CDE7E00D54F75 /* metal-cpp */ = {isa = PBXFileReference; lastKnownFileType = folder; path = "metal-cpp"; sourceTree = "<group>"; };
		D6145EE22F7CDE7E00D54F75 /* bench_attn.cpp */ = {isa = PBXFileReference; lastKnownFileType = sourcecode.cpp.cpp; path = bench_attn.cpp; sourceTree = "<group>"; };
/* End PBXFileReference section */

/* Begin PBXFileSystemSynchronizedRootGroup section */
		D6145ECE2F7CDE7E00D54F75 /* SuperKittens */ = {
			isa = PBXFileSystemSynchronizedRootGroup;
			path = SuperKittens;
			sourceTree = "<group>";
		};
/* End PBXFileSystemSynchronizedRootGroup section */

/* Begin PBXFrameworksBuildPhase section */
		D6145EC92F7CDE7E00D54F75 /* Frameworks */ = {
			isa = PBXFrameworksBuildPhase;
			buildActionMask = 2147483647;
			files = (
			);
			runOnlyForDeploymentPostprocessing = 0;
		};
/* End PBXFrameworksBuildPhase section */

/* Begin PBXGroup section */
		D6145EC32F7CDE7E00D54F75 = {
			isa = PBXGroup;
			children = (
				D6145ED62F7CDE7E00D54F75 /* README.md */,
				D6145ED72F7CDE7E00D54F75 /* CLAUDE.md */,
				D6145ED82F7CDE7E00D54F75 /* roadmap.md */,
				D6145ED92F7CDE7E00D54F75 /* project.yml */,
				D6145EDA2F7CDE7E00D54F75 /* pyproject.toml */,
				D6145EDB2F7CDE7E00D54F75 /* uv.lock */,
				D6145EDC2F7CDE7E00D54F75 /* .gitignore */,
				D6145EDD2F7CDE7E00D54F75 /* meow.png */,
				D6145EDF2F7CDE7E00D54F75 /* bench */,
				D6145EE02F7CDE7E00D54F75 /* metal-cpp */,
				D6145EE22F7CDE7E00D54F75 /* bench_attn.cpp */,
				D6145ECE2F7CDE7E00D54F75 /* SuperKittens */,
				D6145ECD2F7CDE7E00D54F75 /* Products */,
			);
			sourceTree = "<group>";
		};
		D6145ECD2F7CDE7E00D54F75 /* Products */ = {
			isa = PBXGroup;
			children = (
				D6145ECC2F7CDE7E00D54F75 /* SuperKittens */,
			);
			name = Products;
			sourceTree = "<group>";
		};
/* End PBXGroup section */

/* Begin PBXNativeTarget section */
		D6145ECB2F7CDE7E00D54F75 /* SuperKittens */ = {
			isa = PBXNativeTarget;
			buildConfigurationList = D6145ED32F7CDE7E00D54F75 /* Build configuration list for PBXNativeTarget "SuperKittens" */;
			buildPhases = (
				D6145EC82F7CDE7E00D54F75 /* Sources */,
				D6145EC92F7CDE7E00D54F75 /* Frameworks */,
				D6145ECA2F7CDE7E00D54F75 /* CopyFiles */,
			);
			buildRules = (
			);
			dependencies = (
			);
			fileSystemSynchronizedGroups = (
				D6145ECE2F7CDE7E00D54F75 /* SuperKittens */,
			);
			name = SuperKittens;
			packageProductDependencies = (
			);
			productName = SuperKittens;
			productReference = D6145ECC2F7CDE7E00D54F75 /* SuperKittens */;
			productType = "com.apple.product-type.tool";
		};
/* End PBXNativeTarget section */

/* Begin PBXProject section */
		D6145EC42F7CDE7E00D54F75 /* Project object */ = {
			isa = PBXProject;
			attributes = {
				BuildIndependentTargetsInParallel = 1;
				LastUpgradeCheck = 2600;
				TargetAttributes = {
					D6145ECB2F7CDE7E00D54F75 = {
						CreatedOnToolsVersion = 26.0;
						LastSwiftMigration = 2600;
					};
				};
			};
			buildConfigurationList = D6145EC72F7CDE7E00D54F75 /* Build configuration list for PBXProject "SuperKittens" */;
			developmentRegion = en;
			hasScannedForEncodings = 0;
			knownRegions = (
				en,
				Base,
			);
			mainGroup = D6145EC32F7CDE7E00D54F75;
			minimizedProjectReferenceProxies = 1;
			preferredProjectObjectVersion = 77;
			productRefGroup = D6145ECD2F7CDE7E00D54F75 /* Products */;
			projectDirPath = "";
			projectRoot = "";
			targets = (
				D6145ECB2F7CDE7E00D54F75 /* SuperKittens */,
			);
		};
/* End PBXProject section */

/* Begin PBXSourcesBuildPhase section */
		D6145EC82F7CDE7E00D54F75 /* Sources */ = {
			isa = PBXSourcesBuildPhase;
			buildActionMask = 2147483647;
			files = (
			);
			runOnlyForDeploymentPostprocessing = 0;
		};
/* End PBXSourcesBuildPhase section */

/* Begin XCBuildConfiguration section */
		D6145ED12F7CDE7E00D54F75 /* Debug */ = {
			isa = XCBuildConfiguration;
			buildSettings = {
				ALWAYS_SEARCH_USER_PATHS = NO;
				ASSETCATALOG_COMPILER_GENERATE_SWIFT_ASSET_SYMBOL_EXTENSIONS = YES;
				CLANG_ANALYZER_NONNULL = YES;
				CLANG_ANALYZER_NUMBER_OBJECT_CONVERSION = YES_AGGRESSIVE;
				CLANG_CXX_LANGUAGE_STANDARD = "gnu++20";
				CLANG_ENABLE_MODULES = YES;
				CLANG_ENABLE_OBJC_ARC = YES;
				CLANG_ENABLE_OBJC_WEAK = YES;
				CLANG_WARN_BLOCK_CAPTURE_AUTORELEASING = YES;
				CLANG_WARN_BOOL_CONVERSION = YES;
				CLANG_WARN_COMMA = YES;
				CLANG_WARN_CONSTANT_CONVERSION = YES;
				CLANG_WARN_DEPRECATED_OBJC_IMPLEMENTATIONS = YES;
				CLANG_WARN_DIRECT_OBJC_ISA_USAGE = YES_ERROR;
				CLANG_WARN_DOCUMENTATION_COMMENTS = YES;
				CLANG_WARN_EMPTY_BODY = YES;
				CLANG_WARN_ENUM_CONVERSION = YES;
				CLANG_WARN_INFINITE_RECURSION = YES;
				CLANG_WARN_INT_CONVERSION = YES;
				CLANG_WARN_NON_LITERAL_NULL_CONVERSION = YES;
				CLANG_WARN_OBJC_IMPLICIT_RETAIN_SELF = YES;
				CLANG_WARN_OBJC_LITERAL_CONVERSION = YES;
				CLANG_WARN_OBJC_ROOT_CLASS = YES_ERROR;
				CLANG_WARN_QUOTED_INCLUDE_IN_FRAMEWORK_HEADER = YES;
				CLANG_WARN_RANGE_LOOP_ANALYSIS = YES;
				CLANG_WARN_STRICT_PROTOTYPES = YES;
				CLANG_WARN_SUSPICIOUS_MOVE = YES;
				CLANG_WARN_UNGUARDED_AVAILABILITY = YES_AGGRESSIVE;
				CLANG_WARN_UNREACHABLE_CODE = YES;
				CLANG_WARN__DUPLICATE_METHOD_MATCH = YES;
				COPY_PHASE_STRIP = NO;
				DEBUG_INFORMATION_FORMAT = dwarf;
				ENABLE_STRICT_OBJC_MSGSEND = YES;
				ENABLE_TESTABILITY = YES;
				ENABLE_USER_SCRIPT_SANDBOXING = YES;
				GCC_C_LANGUAGE_STANDARD = gnu17;
				GCC_DYNAMIC_NO_PIC = NO;
				GCC_NO_COMMON_BLOCKS = YES;
				GCC_OPTIMIZATION_LEVEL = 0;
				GCC_PREPROCESSOR_DEFINITIONS = (
					"DEBUG=1",
					"$(inherited)",
				);
				GCC_WARN_64_TO_32_BIT_CONVERSION = YES;
				GCC_WARN_ABOUT_RETURN_TYPE = YES_ERROR;
				GCC_WARN_UNDECLARED_SELECTOR = YES;
				GCC_WARN_UNINITIALIZED_AUTOS = YES_AGGRESSIVE;
				GCC_WARN_UNUSED_FUNCTION = YES;
				GCC_WARN_UNUSED_VARIABLE = YES;
				LOCALIZATION_PREFERS_STRING_CATALOGS = YES;
				MACOSX_DEPLOYMENT_TARGET = 26.0;
				MTL_ENABLE_DEBUG_INFO = INCLUDE_SOURCE;
				MTL_FAST_MATH = YES;
				MTL_LANGUAGE_REVISION = UseDeploymentTarget;
				ONLY_ACTIVE_ARCH = YES;
				SDKROOT = macosx;
			};
			name = Debug;
		};
		D6145ED22F7CDE7E00D54F75 /* Release */ = {
			isa = XCBuildConfiguration;
			buildSettings = {
				ALWAYS_SEARCH_USER_PATHS = NO;
				ASSETCATALOG_COMPILER_GENERATE_SWIFT_ASSET_SYMBOL_EXTENSIONS = YES;
				CLANG_ANALYZER_NONNULL = YES;
				CLANG_ANALYZER_NUMBER_OBJECT_CONVERSION = YES_AGGRESSIVE;
				CLANG_CXX_LANGUAGE_STANDARD = "gnu++20";
				CLANG_ENABLE_MODULES = YES;
				CLANG_ENABLE_OBJC_ARC = YES;
				CLANG_ENABLE_OBJC_WEAK = YES;
				CLANG_WARN_BLOCK_CAPTURE_AUTORELEASING = YES;
				CLANG_WARN_BOOL_CONVERSION = YES;
				CLANG_WARN_COMMA = YES;
				CLANG_WARN_CONSTANT_CONVERSION = YES;
				CLANG_WARN_DEPRECATED_OBJC_IMPLEMENTATIONS = YES;
				CLANG_WARN_DIRECT_OBJC_ISA_USAGE = YES_ERROR;
				CLANG_WARN_DOCUMENTATION_COMMENTS = YES;
				CLANG_WARN_EMPTY_BODY = YES;
				CLANG_WARN_ENUM_CONVERSION = YES;
				CLANG_WARN_INFINITE_RECURSION = YES;
				CLANG_WARN_INT_CONVERSION = YES;
				CLANG_WARN_NON_LITERAL_NULL_CONVERSION = YES;
				CLANG_WARN_OBJC_IMPLICIT_RETAIN_SELF = YES;
				CLANG_WARN_OBJC_LITERAL_CONVERSION = YES;
				CLANG_WARN_OBJC_ROOT_CLASS = YES_ERROR;
				CLANG_WARN_QUOTED_INCLUDE_IN_FRAMEWORK_HEADER = YES;
				CLANG_WARN_RANGE_LOOP_ANALYSIS = YES;
				CLANG_WARN_STRICT_PROTOTYPES = YES;
				CLANG_WARN_SUSPICIOUS_MOVE = YES;
				CLANG_WARN_UNGUARDED_AVAILABILITY = YES_AGGRESSIVE;
				CLANG_WARN_UNREACHABLE_CODE = YES;
				CLANG_WARN__DUPLICATE_METHOD_MATCH = YES;
				COPY_PHASE_STRIP = NO;
				DEBUG_INFORMATION_FORMAT = "dwarf-with-dsym";
				ENABLE_NS_ASSERTIONS = NO;
				ENABLE_STRICT_OBJC_MSGSEND = YES;
				ENABLE_USER_SCRIPT_SANDBOXING = YES;
				GCC_C_LANGUAGE_STANDARD = gnu17;
				GCC_NO_COMMON_BLOCKS = YES;
				GCC_WARN_64_TO_32_BIT_CONVERSION = YES;
				GCC_WARN_ABOUT_RETURN_TYPE = YES_ERROR;
				GCC_WARN_UNDECLARED_SELECTOR = YES;
				GCC_WARN_UNINITIALIZED_AUTOS = YES_AGGRESSIVE;
				GCC_WARN_UNUSED_FUNCTION = YES;
				GCC_WARN_UNUSED_VARIABLE = YES;
				LOCALIZATION_PREFERS_STRING_CATALOGS = YES;
				MACOSX_DEPLOYMENT_TARGET = 26.0;
				MTL_ENABLE_DEBUG_INFO = NO;
				MTL_FAST_MATH = YES;
				MTL_LANGUAGE_REVISION = UseDeploymentTarget;
				SDKROOT = macosx;
			};
			name = Release;
		};
		D6145ED42F7CDE7E00D54F75 /* Debug */ = {
			isa = XCBuildConfiguration;
			buildSettings = {
				CLANG_ENABLE_MODULES = YES;
				CODE_SIGN_STYLE = Automatic;
				HEADER_SEARCH_PATHS = "$(PROJECT_DIR)/metal-cpp";
				OTHER_LDFLAGS = (
					"-framework",
					Metal,
					"-framework",
					Foundation,
					"-framework",
					QuartzCore,
				);
				PRODUCT_NAME = "$(TARGET_NAME)";
				SWIFT_OBJC_BRIDGING_HEADER = "SuperKittens/kernels/mamba/mamba3/SuperKittens-Bridging-Header.h";
				SWIFT_OPTIMIZATION_LEVEL = "-Onone";
				SWIFT_VERSION = 6.0;
			};
			name = Debug;
		};
		D6145ED52F7CDE7E00D54F75 /* Release */ = {
			isa = XCBuildConfiguration;
			buildSettings = {
				CLANG_ENABLE_MODULES = YES;
				CODE_SIGN_STYLE = Automatic;
				HEADER_SEARCH_PATHS = "$(PROJECT_DIR)/metal-cpp";
				OTHER_LDFLAGS = (
					"-framework",
					Metal,
					"-framework",
					Foundation,
					"-framework",
					QuartzCore,
				);
				PRODUCT_NAME = "$(TARGET_NAME)";
				SWIFT_OBJC_BRIDGING_HEADER = "SuperKittens/kernels/mamba/mamba3/SuperKittens-Bridging-Header.h";
				SWIFT_VERSION = 6.0;
			};
			name = Release;
		};
/* End XCBuildConfiguration section */

/* Begin XCConfigurationList section */
		D6145EC72F7CDE7E00D54F75 /* Build configuration list for PBXProject "SuperKittens" */ = {
			isa = XCConfigurationList;
			buildConfigurations = (
				D6145ED12F7CDE7E00D54F75 /* Debug */,
				D6145ED22F7CDE7E00D54F75 /* Release */,
			);
			defaultConfigurationIsVisible = 0;
			defaultConfigurationName = Release;
		};
		D6145ED32F7CDE7E00D54F75 /* Build configuration list for PBXNativeTarget "SuperKittens" */ = {
			isa = XCConfigurationList;
			buildConfigurations = (
				D6145ED42F7CDE7E00D54F75 /* Debug */,
				D6145ED52F7CDE7E00D54F75 /* Release */,
			);
			defaultConfigurationIsVisible = 0;
			defaultConfigurationName = Release;
		};
/* End XCConfigurationList section */
	};
	rootObject = D6145EC42F7CDE7E00D54F75 /* Project object */;
}
